
Microsoft Visual Studio Solution File, Format Version 12.00
# Visual Studio Version 16
VisualStudioVersion = 16.0.30011.22
MinimumVisualStudioVersion = 10.0.40219.1
Project("{FAE04EC0-301F-11D3-BF4B-00C04F79EFBC}") = "WebApplication100", "WebApplication100\WebApplication100.csproj", "{B20043AC-E931-4D77-A4BB-052F5F87F0A6}"
EndProject
Project("{FAE04EC0-301F-11D3-BF4B-00C04F79EFBC}") = "DataLayer", "DataLayer\DataLayer.csproj", "{C3CF09BE-73AE-4EF6-A0D9-9887016A2221}"
EndProject
Global
	GlobalSection(SolutionConfigurationPlatforms) = preSolution
		Debug|Any CPU = Debug|Any CPU
		Release|Any CPU = Release|Any CPU
	EndGlobalSection
	GlobalSection(ProjectConfigurationPlatforms) = postSolution
		{B20043AC-E931-4D77-A4BB-052F5F87F0A6}.Debug|Any CPU.ActiveCfg = Debug|Any CPU
		{B20043AC-E931-4D77-A4BB-052F5F87F0A6}.Debug|Any CPU.Build.0 = Debug|Any CPU
		{B20043AC-E931-4D77-A4BB-052F5F87F0A6}.Release|Any CPU.ActiveCfg = Release|Any CPU
		{B20043AC-E931-4D77-A4BB-052F5F87F0A6}.Release|Any CPU.Build.0 = Release|Any CPU
		{C3CF09BE-73AE-4EF6-A0D9-9887016A2221}.Debug|Any CPU.ActiveCfg = Debug|Any CPU
		{C3CF09BE-73AE-4EF6-A0D9-9887016A2221}.Debug|Any CPU.Build.0 = Debug|Any CPU
		{C3CF09BE-73AE-4EF6-A0D9-9887016A2221}.Release|Any CPU.ActiveCfg = Release|Any CPU
		{C3CF09BE-73AE-4EF6-A0D9-9887016A2221}.Release|Any CPU.Build.0 = Release|Any CPU
	EndGlobalSection
	GlobalSection(SolutionProperties) = preSolution
		HideSolutionNode = FALSE
	EndGlobalSection
	GlobalSection(ExtensibilityGlobals) = postSolution
		SolutionGuid = {18104B96-DC1D-49DE-AEDA-F623C7256F67}
	EndGlobalSection
EndGlobal
